
Microsoft Visual Studio Solution File, Format Version 12.00
# Visual Studio Version 17
VisualStudioVersion = 17.14.36623.8 d17.14
MinimumVisualStudioVersion = 10.0.40219.1
Project("{FAE04EC0-301F-11D3-BF4B-00C04F79EFBC}") = "Nieuwartikels_Klasse bouwen", "Nieuwartikels_Klasse bouwen.csproj", "{5216A6BB-3DA2-4CD9-8F1C-93293C1E0CC3}"
EndProject
Global
	GlobalSection(SolutionConfigurationPlatforms) = preSolution
		Debug|Any CPU = Debug|Any CPU
		Release|Any CPU = Release|Any CPU
	EndGlobalSection
	GlobalSection(ProjectConfigurationPlatforms) = postSolution
		{5216A6BB-3DA2-4CD9-8F1C-93293C1E0CC3}.Debug|Any CPU.ActiveCfg = Debug|Any CPU
		{5216A6BB-3DA2-4CD9-8F1C-93293C1E0CC3}.Debug|Any CPU.Build.0 = Debug|Any CPU
		{5216A6BB-3DA2-4CD9-8F1C-93293C1E0CC3}.Release|Any CPU.ActiveCfg = Release|Any CPU
		{5216A6BB-3DA2-4CD9-8F1C-93293C1E0CC3}.Release|Any CPU.Build.0 = Release|Any CPU
	EndGlobalSection
	GlobalSection(SolutionProperties) = preSolution
		HideSolutionNode = FALSE
	EndGlobalSection
	GlobalSection(ExtensibilityGlobals) = postSolution
		SolutionGuid = {E8CFCC48-027D-450B-BC9E-F8247E47A523}
	EndGlobalSection
EndGlobal
